
Microsoft Visual Studio Solution File, Format Version 12.00
# Visual Studio Version 17
VisualStudioVersion = 17.13.35818.85 d17.13
MinimumVisualStudioVersion = 10.0.40219.1
Project("{FAE04EC0-301F-11D3-BF4B-00C04F79EFBC}") = "MatchGame", "MatchGame.csproj", "{7AAC8732-DAB0-4952-B3C4-299CB0F8A74E}"
EndProject
Global
	GlobalSection(SolutionConfigurationPlatforms) = preSolution
		Debug|Any CPU = Debug|Any CPU
		Release|Any CPU = Release|Any CPU
	EndGlobalSection
	GlobalSection(ProjectConfigurationPlatforms) = postSolution
		{7AAC8732-DAB0-4952-B3C4-299CB0F8A74E}.Debug|Any CPU.ActiveCfg = Debug|Any CPU
		{7AAC8732-DAB0-4952-B3C4-299CB0F8A74E}.Debug|Any CPU.Build.0 = Debug|Any CPU
		{7AAC8732-DAB0-4952-B3C4-299CB0F8A74E}.Release|Any CPU.ActiveCfg = Release|Any CPU
		{7AAC8732-DAB0-4952-B3C4-299CB0F8A74E}.Release|Any CPU.Build.0 = Release|Any CPU
	EndGlobalSection
	GlobalSection(SolutionProperties) = preSolution
		HideSolutionNode = FALSE
	EndGlobalSection
	GlobalSection(ExtensibilityGlobals) = postSolution
		SolutionGuid = {7974A633-DEB2-476B-9002-2179EAA1EACB}
	EndGlobalSection
EndGlobal
